schema: '2.0'
stages:
  load_data:
    cmd: python src/load_data.py --config=params.yaml
    deps:
    - path: data_given/winequality.csv
      md5: ccc8d3507eb151f53f760d36abdef888
      size: 91998
    - path: src/get_data.py
      md5: 2ce99741b9be07e08d4083b9725ac84e
      size: 686
    - path: src/load_data.py
      md5: bab33d3d1aa1a8617b34d0027ebceccc
      size: 671
    outs:
    - path: data/raw/winequality.csv
      md5: d98e8f2eca228c11c4de1cc96866a54d
      size: 93598
